
Microsoft Visual Studio Solution File, Format Version 12.00
# Visual Studio Version 17
VisualStudioVersion = 17.4.33103.184
MinimumVisualStudioVersion = 10.0.40219.1
Project("{FAE04EC0-301F-11D3-BF4B-00C04F79EFBC}") = "Efin.OptionsGo.Models", "Efin.OptionsGo\Efin.OptionsGo.Models.csproj", "{2A37A056-C387-4C89-A1C5-32E52BE90D79}"
EndProject
Project("{FAE04EC0-301F-11D3-BF4B-00C04F79EFBC}") = "Efin.OptionsGo.Tests", "Efin.OptionsGo.Tests\Efin.OptionsGo.Tests.csproj", "{1F9C2192-BAE7-4763-969C-5C425CE8A4B2}"
EndProject
Project("{FAE04EC0-301F-11D3-BF4B-00C04F79EFBC}") = "Efin.OptionsGo.APIs", "Efin.OptionsGo.APIs\Efin.OptionsGo.APIs.csproj", "{0333B2B9-0F3F-409F-AEB6-72AFD08B1AC5}"
EndProject
Project("{FAE04EC0-301F-11D3-BF4B-00C04F79EFBC}") = "Efin.OptionsGo.Services", "Efin.OptionsGo.Services\Efin.OptionsGo.Services.csproj", "{9F185D84-2B4F-4217-B6B0-FC7FFA47E2D9}"
EndProject
Global
	GlobalSection(SolutionConfigurationPlatforms) = preSolution
		Debug|Any CPU = Debug|Any CPU
		Release|Any CPU = Release|Any CPU
	EndGlobalSection
	GlobalSection(ProjectConfigurationPlatforms) = postSolution
		{2A37A056-C387-4C89-A1C5-32E52BE90D79}.Debug|Any CPU.ActiveCfg = Debug|Any CPU
		{2A37A056-C387-4C89-A1C5-32E52BE90D79}.Debug|Any CPU.Build.0 = Debug|Any CPU
		{2A37A056-C387-4C89-A1C5-32E52BE90D79}.Release|Any CPU.ActiveCfg = Release|Any CPU
		{2A37A056-C387-4C89-A1C5-32E52BE90D79}.Release|Any CPU.Build.0 = Release|Any CPU
		{1F9C2192-BAE7-4763-969C-5C425CE8A4B2}.Debug|Any CPU.ActiveCfg = Debug|Any CPU
		{1F9C2192-BAE7-4763-969C-5C425CE8A4B2}.Debug|Any CPU.Build.0 = Debug|Any CPU
		{1F9C2192-BAE7-4763-969C-5C425CE8A4B2}.Release|Any CPU.ActiveCfg = Release|Any CPU
		{1F9C2192-BAE7-4763-969C-5C425CE8A4B2}.Release|Any CPU.Build.0 = Release|Any CPU
		{0333B2B9-0F3F-409F-AEB6-72AFD08B1AC5}.Debug|Any CPU.ActiveCfg = Debug|Any CPU
		{0333B2B9-0F3F-409F-AEB6-72AFD08B1AC5}.Debug|Any CPU.Build.0 = Debug|Any CPU
		{0333B2B9-0F3F-409F-AEB6-72AFD08B1AC5}.Release|Any CPU.ActiveCfg = Release|Any CPU
		{0333B2B9-0F3F-409F-AEB6-72AFD08B1AC5}.Release|Any CPU.Build.0 = Release|Any CPU
		{9F185D84-2B4F-4217-B6B0-FC7FFA47E2D9}.Debug|Any CPU.ActiveCfg = Debug|Any CPU
		{9F185D84-2B4F-4217-B6B0-FC7FFA47E2D9}.Debug|Any CPU.Build.0 = Debug|Any CPU
		{9F185D84-2B4F-4217-B6B0-FC7FFA47E2D9}.Release|Any CPU.ActiveCfg = Release|Any CPU
		{9F185D84-2B4F-4217-B6B0-FC7FFA47E2D9}.Release|Any CPU.Build.0 = Release|Any CPU
	EndGlobalSection
	GlobalSection(SolutionProperties) = preSolution
		HideSolutionNode = FALSE
	EndGlobalSection
	GlobalSection(ExtensibilityGlobals) = postSolution
		SolutionGuid = {D9454030-1190-4CEB-AC69-C6ECFD0528A5}
	EndGlobalSection
EndGlobal
